
Microsoft Visual Studio Solution File, Format Version 12.00
# Visual Studio Version 16
VisualStudioVersion = 16.0.30011.22
MinimumVisualStudioVersion = 10.0.40219.1
Project("{FAE04EC0-301F-11D3-BF4B-00C04F79EFBC}") = "NetThirdlab", "NetThirdlab\NetThirdlab.csproj", "{2C19DB46-D615-4804-8DF7-71CA09F8CD6C}"
EndProject
Global
	GlobalSection(SolutionConfigurationPlatforms) = preSolution
		Debug|Any CPU = Debug|Any CPU
		Release|Any CPU = Release|Any CPU
	EndGlobalSection
	GlobalSection(ProjectConfigurationPlatforms) = postSolution
		{2C19DB46-D615-4804-8DF7-71CA09F8CD6C}.Debug|Any CPU.ActiveCfg = Debug|Any CPU
		{2C19DB46-D615-4804-8DF7-71CA09F8CD6C}.Debug|Any CPU.Build.0 = Debug|Any CPU
		{2C19DB46-D615-4804-8DF7-71CA09F8CD6C}.Release|Any CPU.ActiveCfg = Release|Any CPU
		{2C19DB46-D615-4804-8DF7-71CA09F8CD6C}.Release|Any CPU.Build.0 = Release|Any CPU
	EndGlobalSection
	GlobalSection(SolutionProperties) = preSolution
		HideSolutionNode = FALSE
	EndGlobalSection
	GlobalSection(ExtensibilityGlobals) = postSolution
		SolutionGuid = {0579FD8C-47A7-48FA-B1A8-5E0E82A154DE}
	EndGlobalSection
EndGlobal
